
Microsoft Visual Studio Solution File, Format Version 12.00
# Visual Studio Version 17
VisualStudioVersion = 17.1.32210.238
MinimumVisualStudioVersion = 10.0.40219.1
Project("{FAE04EC0-301F-11D3-BF4B-00C04F79EFBC}") = "CQRS_Mediator_Pattern_API", "CQRS_Mediator_Pattern_API\CQRS_Mediator_Pattern_API.csproj", "{DAE46ED9-13D7-4FCA-9443-B40C188F3C65}"
EndProject
Global
	GlobalSection(SolutionConfigurationPlatforms) = preSolution
		Debug|Any CPU = Debug|Any CPU
		Release|Any CPU = Release|Any CPU
	EndGlobalSection
	GlobalSection(ProjectConfigurationPlatforms) = postSolution
		{DAE46ED9-13D7-4FCA-9443-B40C188F3C65}.Debug|Any CPU.ActiveCfg = Debug|Any CPU
		{DAE46ED9-13D7-4FCA-9443-B40C188F3C65}.Debug|Any CPU.Build.0 = Debug|Any CPU
		{DAE46ED9-13D7-4FCA-9443-B40C188F3C65}.Release|Any CPU.ActiveCfg = Release|Any CPU
		{DAE46ED9-13D7-4FCA-9443-B40C188F3C65}.Release|Any CPU.Build.0 = Release|Any CPU
	EndGlobalSection
	GlobalSection(SolutionProperties) = preSolution
		HideSolutionNode = FALSE
	EndGlobalSection
	GlobalSection(ExtensibilityGlobals) = postSolution
		SolutionGuid = {892ECF62-80EC-4425-9CF2-C3B5CE63C92A}
	EndGlobalSection
EndGlobal
